// !$*UTF8*$!
{
	archiveVersion = 1;
	classes = {
	};
	objectVersion = 50;
	objects = {

/* Begin PBXBuildFile section */
		CB3B22E324A4B6F900026F0E /* CoreDataStack.swift in Sources */ = {isa = PBXBuildFile; fileRef = CB3B22E224A4B6F900026F0E /* CoreDataStack.swift */; };
		CB834BF024A5335E009F3A4B /* CoreDataManagerTests.swift in Sources */ = {isa = PBXBuildFile; fileRef = CB834BEF24A5335E009F3A4B /* CoreDataManagerTests.swift */; };
		CB834BF824A533EA009F3A4B /* FakeCoreDataStack.swift in Sources */ = {isa = PBXBuildFile; fileRef = CB834BF724A533EA009F3A4B /* FakeCoreDataStack.swift */; };
		CBA017B024A0C89B0040E6F4 /* AppDelegate.swift in Sources */ = {isa = PBXBuildFile; fileRef = CBA017AF24A0C89B0040E6F4 /* AppDelegate.swift */; };
		CBA017B424A0C89B0040E6F4 /* ViewController.swift in Sources */ = {isa = PBXBuildFile; fileRef = CBA017B324A0C89B0040E6F4 /* ViewController.swift */; };
		CBA017B724A0C89B0040E6F4 /* Main.storyboard in Resources */ = {isa = PBXBuildFile; fileRef = CBA017B524A0C89B0040E6F4 /* Main.storyboard */; };
		CBA017BA24A0C89B0040E6F4 /* TaskModel.xcdatamodeld in Sources */ = {isa = PBXBuildFile; fileRef = CBA017B824A0C89B0040E6F4 /* TaskModel.xcdatamodeld */; };
		CBA017BC24A0C89C0040E6F4 /* Assets.xcassets in Resources */ = {isa = PBXBuildFile; fileRef = CBA017BB24A0C89C0040E6F4 /* Assets.xcassets */; };
		CBA017BF24A0C89C0040E6F4 /* LaunchScreen.storyboard in Resources */ = {isa = PBXBuildFile; fileRef = CBA017BD24A0C89C0040E6F4 /* LaunchScreen.storyboard */; };
		CBA017CB24A0D2550040E6F4 /* CoreDataManager.swift in Sources */ = {isa = PBXBuildFile; fileRef = CBA017CA24A0D2550040E6F4 /* CoreDataManager.swift */; };
		CBA017CE24A146B70040E6F4 /* Array+sortAlphabetically.swift in Sources */ = {isa = PBXBuildFile; fileRef = CBA017CD24A146B70040E6F4 /* Array+sortAlphabetically.swift */; };
		CBA017D024A1482A0040E6F4 /* UIViewController + setAlert.swift in Sources */ = {isa = PBXBuildFile; fileRef = CBA017CF24A1482A0040E6F4 /* UIViewController + setAlert.swift */; };
/* End PBXBuildFile section */

/* Begin PBXContainerItemProxy section */
		CB834BF224A5335E009F3A4B /* PBXContainerItemProxy */ = {
			isa = PBXContainerItemProxy;
			containerPortal = CBA017A424A0C89B0040E6F4 /* Project object */;
			proxyType = 1;
			remoteGlobalIDString = CBA017AB24A0C89B0040E6F4;
			remoteInfo = TDL;
		};
/* End PBXContainerItemProxy section */

/* Begin PBXFileReference section */
		CB3B22E224A4B6F900026F0E /* CoreDataStack.swift */ = {isa = PBXFileReference; lastKnownFileType = sourcecode.swift; path = CoreDataStack.swift; sourceTree = "<group>"; };
		CB834BED24A5335E009F3A4B /* CoreDataManager.xctest */ = {isa = PBXFileReference; explicitFileType = wrapper.cfbundle; includeInIndex = 0; path = CoreDataManager.xctest; sourceTree = BUILT_PRODUCTS_DIR; };
		CB834BEF24A5335E009F3A4B /* CoreDataManagerTests.swift */ = {isa = PBXFileReference; lastKnownFileType = sourcecode.swift; path = CoreDataManagerTests.swift; sourceTree = "<group>"; };
		CB834BF124A5335E009F3A4B /* Info.plist */ = {isa = PBXFileReference; lastKnownFileType = text.plist.xml; path = Info.plist; sourceTree = "<group>"; };
		CB834BF724A533EA009F3A4B /* FakeCoreDataStack.swift */ = {isa = PBXFileReference; lastKnownFileType = sourcecode.swift; path = FakeCoreDataStack.swift; sourceTree = "<group>"; };
		CBA017AC24A0C89B0040E6F4 /* TDL.app */ = {isa = PBXFileReference; explicitFileType = wrapper.application; includeInIndex = 0; path = TDL.app; sourceTree = BUILT_PRODUCTS_DIR; };
		CBA017AF24A0C89B0040E6F4 /* AppDelegate.swift */ = {isa = PBXFileReference; lastKnownFileType = sourcecode.swift; path = AppDelegate.swift; sourceTree = "<group>"; };
		CBA017B324A0C89B0040E6F4 /* ViewController.swift */ = {isa = PBXFileReference; lastKnownFileType = sourcecode.swift; path = ViewController.swift; sourceTree = "<group>"; };
		CBA017B624A0C89B0040E6F4 /* Base */ = {isa = PBXFileReference; lastKnownFileType = file.storyboard; name = Base; path = Base.lproj/Main.storyboard; sourceTree = "<group>"; };
		CBA017B924A0C89B0040E6F4 /* TDL.xcdatamodel */ = {isa = PBXFileReference; lastKnownFileType = wrapper.xcdatamodel; path = TDL.xcdatamodel; sourceTree = "<group>"; };
		CBA017BB24A0C89C0040E6F4 /* Assets.xcassets */ = {isa = PBXFileReference; lastKnownFileType = folder.assetcatalog; path = Assets.xcassets; sourceTree = "<group>"; };
		CBA017BE24A0C89C0040E6F4 /* Base */ = {isa = PBXFileReference; lastKnownFileType = file.storyboard; name = Base; path = Base.lproj/LaunchScreen.storyboard; sourceTree = "<group>"; };
		CBA017C024A0C89C0040E6F4 /* Info.plist */ = {isa = PBXFileReference; lastKnownFileType = text.plist.xml; path = Info.plist; sourceTree = "<group>"; };
		CBA017CA24A0D2550040E6F4 /* CoreDataManager.swift */ = {isa = PBXFileReference; lastKnownFileType = sourcecode.swift; path = CoreDataManager.swift; sourceTree = "<group>"; };
		CBA017CD24A146B70040E6F4 /* Array+sortAlphabetically.swift */ = {isa = PBXFileReference; lastKnownFileType = sourcecode.swift; path = "Array+sortAlphabetically.swift"; sourceTree = "<group>"; };
		CBA017CF24A1482A0040E6F4 /* UIViewController + setAlert.swift */ = {isa = PBXFileReference; lastKnownFileType = sourcecode.swift; path = "UIViewController + setAlert.swift"; sourceTree = "<group>"; };
/* End PBXFileReference section */

/* Begin PBXFrameworksBuildPhase section */
		CB834BEA24A5335E009F3A4B /* Frameworks */ = {
			isa = PBXFrameworksBuildPhase;
			buildActionMask = 2147483647;
			files = (
			);
			runOnlyForDeploymentPostprocessing = 0;
		};
		CBA017A924A0C89B0040E6F4 /* Frameworks */ = {
			isa = PBXFrameworksBuildPhase;
			buildActionMask = 2147483647;
			files = (
			);
			runOnlyForDeploymentPostprocessing = 0;
		};
/* End PBXFrameworksBuildPhase section */

/* Begin PBXGroup section */
		CB834BEE24A5335E009F3A4B /* CoreDataManager */ = {
			isa = PBXGroup;
			children = (
				CB834BEF24A5335E009F3A4B /* CoreDataManagerTests.swift */,
				CB834BF724A533EA009F3A4B /* FakeCoreDataStack.swift */,
				CB834BF124A5335E009F3A4B /* Info.plist */,
			);
			path = CoreDataManager;
			sourceTree = "<group>";
		};
		CBA017A324A0C89B0040E6F4 = {
			isa = PBXGroup;
			children = (
				CBA017AE24A0C89B0040E6F4 /* TDL */,
				CB834BEE24A5335E009F3A4B /* CoreDataManager */,
				CBA017AD24A0C89B0040E6F4 /* Products */,
			);
			sourceTree = "<group>";
		};
		CBA017AD24A0C89B0040E6F4 /* Products */ = {
			isa = PBXGroup;
			children = (
				CBA017AC24A0C89B0040E6F4 /* TDL.app */,
				CB834BED24A5335E009F3A4B /* CoreDataManager.xctest */,
			);
			name = Products;
			sourceTree = "<group>";
		};
		CBA017AE24A0C89B0040E6F4 /* TDL */ = {
			isa = PBXGroup;
			children = (
				CBA017CC24A146AA0040E6F4 /* Extensions */,
				CBA017C824A0D0A00040E6F4 /* VIew */,
				CBA017C724A0D0990040E6F4 /* Model */,
				CBA017C624A0D0950040E6F4 /* Controller */,
				CBA017AF24A0C89B0040E6F4 /* AppDelegate.swift */,
				CBA017BB24A0C89C0040E6F4 /* Assets.xcassets */,
				CBA017BD24A0C89C0040E6F4 /* LaunchScreen.storyboard */,
				CBA017C024A0C89C0040E6F4 /* Info.plist */,
			);
			path = TDL;
			sourceTree = "<group>";
		};
		CBA017C624A0D0950040E6F4 /* Controller */ = {
			isa = PBXGroup;
			children = (
				CBA017B324A0C89B0040E6F4 /* ViewController.swift */,
				CBA017CF24A1482A0040E6F4 /* UIViewController + setAlert.swift */,
			);
			path = Controller;
			sourceTree = "<group>";
		};
		CBA017C724A0D0990040E6F4 /* Model */ = {
			isa = PBXGroup;
			children = (
				CBA017B824A0C89B0040E6F4 /* TaskModel.xcdatamodeld */,
				CBA017CA24A0D2550040E6F4 /* CoreDataManager.swift */,
				CB3B22E224A4B6F900026F0E /* CoreDataStack.swift */,
			);
			path = Model;
			sourceTree = "<group>";
		};
		CBA017C824A0D0A00040E6F4 /* VIew */ = {
			isa = PBXGroup;
			children = (
				CBA017B524A0C89B0040E6F4 /* Main.storyboard */,
			);
			path = VIew;
			sourceTree = "<group>";
		};
		CBA017CC24A146AA0040E6F4 /* Extensions */ = {
			isa = PBXGroup;
			children = (
				CBA017CD24A146B70040E6F4 /* Array+sortAlphabetically.swift */,
			);
			path = Extensions;
			sourceTree = "<group>";
		};
/* End PBXGroup section */

/* Begin PBXNativeTarget section */
		CB834BEC24A5335E009F3A4B /* CoreDataManager */ = {
			isa = PBXNativeTarget;
			buildConfigurationList = CB834BF624A5335E009F3A4B /* Build configuration list for PBXNativeTarget "CoreDataManager" */;
			buildPhases = (
				CB834BE924A5335E009F3A4B /* Sources */,
				CB834BEA24A5335E009F3A4B /* Frameworks */,
				CB834BEB24A5335E009F3A4B /* Resources */,
			);
			buildRules = (
			);
			dependencies = (
				CB834BF324A5335E009F3A4B /* PBXTargetDependency */,
			);
			name = CoreDataManager;
			productName = CoreDataManager;
			productReference = CB834BED24A5335E009F3A4B /* CoreDataManager.xctest */;
			productType = "com.apple.product-type.bundle.unit-test";
		};
		CBA017AB24A0C89B0040E6F4 /* TDL */ = {
			isa = PBXNativeTarget;
			buildConfigurationList = CBA017C324A0C89C0040E6F4 /* Build configuration list for PBXNativeTarget "TDL" */;
			buildPhases = (
				CBA017A824A0C89B0040E6F4 /* Sources */,
				CBA017A924A0C89B0040E6F4 /* Frameworks */,
				CBA017AA24A0C89B0040E6F4 /* Resources */,
			);
			buildRules = (
			);
			dependencies = (
			);
			name = TDL;
			productName = TDL;
			productReference = CBA017AC24A0C89B0040E6F4 /* TDL.app */;
			productType = "com.apple.product-type.application";
		};
/* End PBXNativeTarget section */

/* Begin PBXProject section */
		CBA017A424A0C89B0040E6F4 /* Project object */ = {
			isa = PBXProject;
			attributes = {
				LastSwiftUpdateCheck = 1130;
				LastUpgradeCheck = 1130;
				ORGANIZATIONNAME = "Merouane Bellaha";
				TargetAttributes = {
					CB834BEC24A5335E009F3A4B = {
						CreatedOnToolsVersion = 11.3;
						TestTargetID = CBA017AB24A0C89B0040E6F4;
					};
					CBA017AB24A0C89B0040E6F4 = {
						CreatedOnToolsVersion = 11.3;
					};
				};
			};
			buildConfigurationList = CBA017A724A0C89B0040E6F4 /* Build configuration list for PBXProject "TDL" */;
			compatibilityVersion = "Xcode 9.3";
			developmentRegion = en;
			hasScannedForEncodings = 0;
			knownRegions = (
				en,
				Base,
			);
			mainGroup = CBA017A324A0C89B0040E6F4;
			productRefGroup = CBA017AD24A0C89B0040E6F4 /* Products */;
			projectDirPath = "";
			projectRoot = "";
			targets = (
				CBA017AB24A0C89B0040E6F4 /* TDL */,
				CB834BEC24A5335E009F3A4B /* CoreDataManager */,
			);
		};
/* End PBXProject section */

/* Begin PBXResourcesBuildPhase section */
		CB834BEB24A5335E009F3A4B /* Resources */ = {
			isa = PBXResourcesBuildPhase;
			buildActionMask = 2147483647;
			files = (
			);
			runOnlyForDeploymentPostprocessing = 0;
		};
		CBA017AA24A0C89B0040E6F4 /* Resources */ = {
			isa = PBXResourcesBuildPhase;
			buildActionMask = 2147483647;
			files = (
				CBA017BF24A0C89C0040E6F4 /* LaunchScreen.storyboard in Resources */,
				CBA017BC24A0C89C0040E6F4 /* Assets.xcassets in Resources */,
				CBA017B724A0C89B0040E6F4 /* Main.storyboard in Resources */,
			);
			runOnlyForDeploymentPostprocessing = 0;
		};
/* End PBXResourcesBuildPhase section */

/* Begin PBXSourcesBuildPhase section */
		CB834BE924A5335E009F3A4B /* Sources */ = {
			isa = PBXSourcesBuildPhase;
			buildActionMask = 2147483647;
			files = (
				CB834BF824A533EA009F3A4B /* FakeCoreDataStack.swift in Sources */,
				CB834BF024A5335E009F3A4B /* CoreDataManagerTests.swift in Sources */,
			);
			runOnlyForDeploymentPostprocessing = 0;
		};
		CBA017A824A0C89B0040E6F4 /* Sources */ = {
			isa = PBXSourcesBuildPhase;
			buildActionMask = 2147483647;
			files = (
				CB3B22E324A4B6F900026F0E /* CoreDataStack.swift in Sources */,
				CBA017BA24A0C89B0040E6F4 /* TaskModel.xcdatamodeld in Sources */,
				CBA017CE24A146B70040E6F4 /* Array+sortAlphabetically.swift in Sources */,
				CBA017D024A1482A0040E6F4 /* UIViewController + setAlert.swift in Sources */,
				CBA017B424A0C89B0040E6F4 /* ViewController.swift in Sources */,
				CBA017B024A0C89B0040E6F4 /* AppDelegate.swift in Sources */,
				CBA017CB24A0D2550040E6F4 /* CoreDataManager.swift in Sources */,
			);
			runOnlyForDeploymentPostprocessing = 0;
		};
/* End PBXSourcesBuildPhase section */

/* Begin PBXTargetDependency section */
		CB834BF324A5335E009F3A4B /* PBXTargetDependency */ = {
			isa = PBXTargetDependency;
			target = CBA017AB24A0C89B0040E6F4 /* TDL */;
			targetProxy = CB834BF224A5335E009F3A4B /* PBXContainerItemProxy */;
		};
/* End PBXTargetDependency section */

/* Begin PBXVariantGroup section */
		CBA017B524A0C89B0040E6F4 /* Main.storyboard */ = {
			isa = PBXVariantGroup;
			children = (
				CBA017B624A0C89B0040E6F4 /* Base */,
			);
			name = Main.storyboard;
			sourceTree = "<group>";
		};
		CBA017BD24A0C89C0040E6F4 /* LaunchScreen.storyboard */ = {
			isa = PBXVariantGroup;
			children = (
				CBA017BE24A0C89C0040E6F4 /* Base */,
			);
			name = LaunchScreen.storyboard;
			sourceTree = "<group>";
		};
/* End PBXVariantGroup section */

/* Begin XCBuildConfiguration section */
		CB834BF424A5335E009F3A4B /* Debug */ = {
			isa = XCBuildConfiguration;
			buildSettings = {
				BUNDLE_LOADER = "$(TEST_HOST)";
				CODE_SIGN_STYLE = Automatic;
				DEVELOPMENT_TEAM = K8M973GY56;
				INFOPLIST_FILE = CoreDataManager/Info.plist;
				LD_RUNPATH_SEARCH_PATHS = (
					"$(inherited)",
					"@executable_path/Frameworks",
					"@loader_path/Frameworks",
				);
				PRODUCT_BUNDLE_IDENTIFIER = com.merouanebellaha.CoreDataManager;
				PRODUCT_NAME = "$(TARGET_NAME)";
				SWIFT_VERSION = 5.0;
				TARGETED_DEVICE_FAMILY = "1,2";
				TEST_HOST = "$(BUILT_PRODUCTS_DIR)/TDL.app/TDL";
			};
			name = Debug;
		};
		CB834BF524A5335E009F3A4B /* Release */ = {
			isa = XCBuildConfiguration;
			buildSettings = {
				BUNDLE_LOADER = "$(TEST_HOST)";
				CODE_SIGN_STYLE = Automatic;
				DEVELOPMENT_TEAM = K8M973GY56;
				INFOPLIST_FILE = CoreDataManager/Info.plist;
				LD_RUNPATH_SEARCH_PATHS = (
					"$(inherited)",
					"@executable_path/Frameworks",
					"@loader_path/Frameworks",
				);
				PRODUCT_BUNDLE_IDENTIFIER = com.merouanebellaha.CoreDataManager;
				PRODUCT_NAME = "$(TARGET_NAME)";
				SWIFT_VERSION = 5.0;
				TARGETED_DEVICE_FAMILY = "1,2";
				TEST_HOST = "$(BUILT_PRODUCTS_DIR)/TDL.app/TDL";
			};
			name = Release;
		};
		CBA017C124A0C89C0040E6F4 /* Debug */ = {
			isa = XCBuildConfiguration;
			buildSettings = {
				ALWAYS_SEARCH_USER_PATHS = NO;
				CLANG_ANALYZER_NONNULL = YES;
				CLANG_ANALYZER_NUMBER_OBJECT_CONVERSION = YES_AGGRESSIVE;
				CLANG_CXX_LANGUAGE_STANDARD = "gnu++14";
				CLANG_CXX_LIBRARY = "libc++";
				CLANG_ENABLE_MODULES = YES;
				CLANG_ENABLE_OBJC_ARC = YES;
				CLANG_ENABLE_OBJC_WEAK = YES;
				CLANG_WARN_BLOCK_CAPTURE_AUTORELEASING = YES;
				CLANG_WARN_BOOL_CONVERSION = YES;
				CLANG_WARN_COMMA = YES;
				CLANG_WARN_CONSTANT_CONVERSION = YES;
				CLANG_WARN_DEPRECATED_OBJC_IMPLEMENTATIONS = YES;
				CLANG_WARN_DIRECT_OBJC_ISA_USAGE = YES_ERROR;
				CLANG_WARN_DOCUMENTATION_COMMENTS = YES;
				CLANG_WARN_EMPTY_BODY = YES;
				CLANG_WARN_ENUM_CONVERSION = YES;
				CLANG_WARN_INFINITE_RECURSION = YES;
				CLANG_WARN_INT_CONVERSION = YES;
				CLANG_WARN_NON_LITERAL_NULL_CONVERSION = YES;
				CLANG_WARN_OBJC_IMPLICIT_RETAIN_SELF = YES;
				CLANG_WARN_OBJC_LITERAL_CONVERSION = YES;
				CLANG_WARN_OBJC_ROOT_CLASS = YES_ERROR;
				CLANG_WARN_RANGE_LOOP_ANALYSIS = YES;
				CLANG_WARN_STRICT_PROTOTYPES = YES;
				CLANG_WARN_SUSPICIOUS_MOVE = YES;
				CLANG_WARN_UNGUARDED_AVAILABILITY = YES_AGGRESSIVE;
				CLANG_WARN_UNREACHABLE_CODE = YES;
				CLANG_WARN__DUPLICATE_METHOD_MATCH = YES;
				COPY_PHASE_STRIP = NO;
				DEBUG_INFORMATION_FORMAT = dwarf;
				ENABLE_STRICT_OBJC_MSGSEND = YES;
				ENABLE_TESTABILITY = YES;
				GCC_C_LANGUAGE_STANDARD = gnu11;
				GCC_DYNAMIC_NO_PIC = NO;
				GCC_NO_COMMON_BLOCKS = YES;
				GCC_OPTIMIZATION_LEVEL = 0;
				GCC_PREPROCESSOR_DEFINITIONS = (
					"DEBUG=1",
					"$(inherited)",
				);
				GCC_WARN_64_TO_32_BIT_CONVERSION = YES;
				GCC_WARN_ABOUT_RETURN_TYPE = YES_ERROR;
				GCC_WARN_UNDECLARED_SELECTOR = YES;
				GCC_WARN_UNINITIALIZED_AUTOS = YES_AGGRESSIVE;
				GCC_WARN_UNUSED_FUNCTION = YES;
				GCC_WARN_UNUSED_VARIABLE = YES;
				IPHONEOS_DEPLOYMENT_TARGET = 13.2;
				MTL_ENABLE_DEBUG_INFO = INCLUDE_SOURCE;
				MTL_FAST_MATH = YES;
				ONLY_ACTIVE_ARCH = YES;
				SDKROOT = iphoneos;
				SWIFT_ACTIVE_COMPILATION_CONDITIONS = DEBUG;
				SWIFT_OPTIMIZATION_LEVEL = "-Onone";
			};
			name = Debug;
		};
		CBA017C224A0C89C0040E6F4 /* Release */ = {
			isa = XCBuildConfiguration;
			buildSettings = {
				ALWAYS_SEARCH_USER_PATHS = NO;
				CLANG_ANALYZER_NONNULL = YES;
				CLANG_ANALYZER_NUMBER_OBJECT_CONVERSION = YES_AGGRESSIVE;
				CLANG_CXX_LANGUAGE_STANDARD = "gnu++14";
				CLANG_CXX_LIBRARY = "libc++";
				CLANG_ENABLE_MODULES = YES;
				CLANG_ENABLE_OBJC_ARC = YES;
				CLANG_ENABLE_OBJC_WEAK = YES;
				CLANG_WARN_BLOCK_CAPTURE_AUTORELEASING = YES;
				CLANG_WARN_BOOL_CONVERSION = YES;
				CLANG_WARN_COMMA = YES;
				CLANG_WARN_CONSTANT_CONVERSION = YES;
				CLANG_WARN_DEPRECATED_OBJC_IMPLEMENTATIONS = YES;
				CLANG_WARN_DIRECT_OBJC_ISA_USAGE = YES_ERROR;
				CLANG_WARN_DOCUMENTATION_COMMENTS = YES;
				CLANG_WARN_EMPTY_BODY = YES;
				CLANG_WARN_ENUM_CONVERSION = YES;
				CLANG_WARN_INFINITE_RECURSION = YES;
				CLANG_WARN_INT_CONVERSION = YES;
				CLANG_WARN_NON_LITERAL_NULL_CONVERSION = YES;
				CLANG_WARN_OBJC_IMPLICIT_RETAIN_SELF = YES;
				CLANG_WARN_OBJC_LITERAL_CONVERSION = YES;
				CLANG_WARN_OBJC_ROOT_CLASS = YES_ERROR;
				CLANG_WARN_RANGE_LOOP_ANALYSIS = YES;
				CLANG_WARN_STRICT_PROTOTYPES = YES;
				CLANG_WARN_SUSPICIOUS_MOVE = YES;
				CLANG_WARN_UNGUARDED_AVAILABILITY = YES_AGGRESSIVE;
				CLANG_WARN_UNREACHABLE_CODE = YES;
				CLANG_WARN__DUPLICATE_METHOD_MATCH = YES;
				COPY_PHASE_STRIP = NO;
				DEBUG_INFORMATION_FORMAT = "dwarf-with-dsym";
				ENABLE_NS_ASSERTIONS = NO;
				ENABLE_STRICT_OBJC_MSGSEND = YES;
				GCC_C_LANGUAGE_STANDARD = gnu11;
				GCC_NO_COMMON_BLOCKS = YES;
				GCC_WARN_64_TO_32_BIT_CONVERSION = YES;
				GCC_WARN_ABOUT_RETURN_TYPE = YES_ERROR;
				GCC_WARN_UNDECLARED_SELECTOR = YES;
				GCC_WARN_UNINITIALIZED_AUTOS = YES_AGGRESSIVE;
				GCC_WARN_UNUSED_FUNCTION = YES;
				GCC_WARN_UNUSED_VARIABLE = YES;
				IPHONEOS_DEPLOYMENT_TARGET = 13.2;
				MTL_ENABLE_DEBUG_INFO = NO;
				MTL_FAST_MATH = YES;
				SDKROOT = iphoneos;
				SWIFT_COMPILATION_MODE = wholemodule;
				SWIFT_OPTIMIZATION_LEVEL = "-O";
				VALIDATE_PRODUCT = YES;
			};
			name = Release;
		};
		CBA017C424A0C89C0040E6F4 /* Debug */ = {
			isa = XCBuildConfiguration;
			buildSettings = {
				ASSETCATALOG_COMPILER_APPICON_NAME = AppIcon;
				CODE_SIGN_STYLE = Automatic;
				DEVELOPMENT_TEAM = K8M973GY56;
				INFOPLIST_FILE = TDL/Info.plist;
				IPHONEOS_DEPLOYMENT_TARGET = 11.0;
				LD_RUNPATH_SEARCH_PATHS = (
					"$(inherited)",
					"@executable_path/Frameworks",
				);
				PRODUCT_BUNDLE_IDENTIFIER = com.merouanebellaha.TDL;
				PRODUCT_NAME = "$(TARGET_NAME)";
				SWIFT_VERSION = 5.0;
				TARGETED_DEVICE_FAMILY = "1,2";
			};
			name = Debug;
		};
		CBA017C524A0C89C0040E6F4 /* Release */ = {
			isa = XCBuildConfiguration;
			buildSettings = {
				ASSETCATALOG_COMPILER_APPICON_NAME = AppIcon;
				CODE_SIGN_STYLE = Automatic;
				DEVELOPMENT_TEAM = K8M973GY56;
				INFOPLIST_FILE = TDL/Info.plist;
				IPHONEOS_DEPLOYMENT_TARGET = 11.0;
				LD_RUNPATH_SEARCH_PATHS = (
					"$(inherited)",
					"@executable_path/Frameworks",
				);
				PRODUCT_BUNDLE_IDENTIFIER = com.merouanebellaha.TDL;
				PRODUCT_NAME = "$(TARGET_NAME)";
				SWIFT_VERSION = 5.0;
				TARGETED_DEVICE_FAMILY = "1,2";
			};
			name = Release;
		};
/* End XCBuildConfiguration section */

/* Begin XCConfigurationList section */
		CB834BF624A5335E009F3A4B /* Build configuration list for PBXNativeTarget "CoreDataManager" */ = {
			isa = XCConfigurationList;
			buildConfigurations = (
				CB834BF424A5335E009F3A4B /* Debug */,
				CB834BF524A5335E009F3A4B /* Release */,
			);
			defaultConfigurationIsVisible = 0;
			defaultConfigurationName = Release;
		};
		CBA017A724A0C89B0040E6F4 /* Build configuration list for PBXProject "TDL" */ = {
			isa = XCConfigurationList;
			buildConfigurations = (
				CBA017C124A0C89C0040E6F4 /* Debug */,
				CBA017C224A0C89C0040E6F4 /* Release */,
			);
			defaultConfigurationIsVisible = 0;
			defaultConfigurationName = Release;
		};
		CBA017C324A0C89C0040E6F4 /* Build configuration list for PBXNativeTarget "TDL" */ = {
			isa = XCConfigurationList;
			buildConfigurations = (
				CBA017C424A0C89C0040E6F4 /* Debug */,
				CBA017C524A0C89C0040E6F4 /* Release */,
			);
			defaultConfigurationIsVisible = 0;
			defaultConfigurationName = Release;
		};
/* End XCConfigurationList section */

/* Begin XCVersionGroup section */
		CBA017B824A0C89B0040E6F4 /* TaskModel.xcdatamodeld */ = {
			isa = XCVersionGroup;
			children = (
				CBA017B924A0C89B0040E6F4 /* TDL.xcdatamodel */,
			);
			currentVersion = CBA017B924A0C89B0040E6F4 /* TDL.xcdatamodel */;
			path = TaskModel.xcdatamodeld;
			sourceTree = "<group>";
			versionGroupType = wrapper.xcdatamodel;
		};
/* End XCVersionGroup section */
	};
	rootObject = CBA017A424A0C89B0040E6F4 /* Project object */;
}
